
Microsoft Visual Studio Solution File, Format Version 12.00
Project("{FAE04EC0-301F-11D3-BF4B-00C04F79EFBC}") = "aoc2024.12", "aoc2024.12.csproj", "{67FF0F64-8830-4A5C-B9F6-CF1805B73C95}"
EndProject
Global
	GlobalSection(SolutionConfigurationPlatforms) = preSolution
		Debug|Any CPU = Debug|Any CPU
		Release|Any CPU = Release|Any CPU
	EndGlobalSection
	GlobalSection(ProjectConfigurationPlatforms) = postSolution
		{67FF0F64-8830-4A5C-B9F6-CF1805B73C95}.Debug|Any CPU.ActiveCfg = Debug|Any CPU
		{67FF0F64-8830-4A5C-B9F6-CF1805B73C95}.Debug|Any CPU.Build.0 = Debug|Any CPU
		{67FF0F64-8830-4A5C-B9F6-CF1805B73C95}.Release|Any CPU.ActiveCfg = Release|Any CPU
		{67FF0F64-8830-4A5C-B9F6-CF1805B73C95}.Release|Any CPU.Build.0 = Release|Any CPU
	EndGlobalSection
EndGlobal
